<?xml version="1.0" encoding="utf-8"?>
<Project ToolsVersion="4.0" xmlns="http://schemas.microsoft.com/developer/msbuild/2003">
  <ItemGroup>
    <Filter Include="src">
      <UniqueIdentifier>{efbd5cea-fce1-4a86-b2cc-0952daf5e5e5}</UniqueIdentifier>
    </Filter>
    <Filter Include="inc">
      <UniqueIdentifier>{25c33c71-b59e-4ac8-98cb-a4110cafdbe8}</UniqueIdentifier>
    </Filter>
    <Filter Include="interfaces">
      <UniqueIdentifier>{2b179b83-55a5-4dd9-80d2-a9cf2fb710a3}</UniqueIdentifier>
    </Filter>
    <Filter Include="inc\Drawables">
      <UniqueIdentifier>{128e88b1-3059-43e9-8dd2-41178b8dd498}</UniqueIdentifier>
    </Filter>
    <Filter Include="interfaces\Drawables">
      <UniqueIdentifier>{8c22e348-f595-48ee-9303-2191a127f266}</UniqueIdentifier>
    </Filter>
    <Filter Include="interfaces\Colorables">
      <UniqueIdentifier>{d8e32f7d-4fef-4765-bde8-85a3ae352f79}</UniqueIdentifier>
    </Filter>
    <Filter Include="interfaces\Fadables">
      <UniqueIdentifier>{2084f45c-d325-463f-b15d-dbf3fcce207f}</UniqueIdentifier>
    </Filter>
    <Filter Include="inc\Fadables">
      <UniqueIdentifier>{875255ba-351a-497a-8269-497749e6508a}</UniqueIdentifier>
    </Filter>
    <Filter Include="inc\Colorables">
      <UniqueIdentifier>{73c2a544-668e-4969-ac8f-9e24568dd285}</UniqueIdentifier>
    </Filter>
    <Filter Include="src\Drawables">
      <UniqueIdentifier>{22fd0bba-1e5f-49bc-8ea7-f1c3ded73586}</UniqueIdentifier>
    </Filter>
    <Filter Include="src\Fadables">
      <UniqueIdentifier>{8864fd3c-b4fe-4632-ba71-44b6f90c61b8}</UniqueIdentifier>
    </Filter>
    <Filter Include="src\Colorables">
      <UniqueIdentifier>{3c147fbb-7822-4697-93b1-a0f8f7569d23}</UniqueIdentifier>
    </Filter>
  </ItemGroup>
  <ItemGroup>
    <ClInclude Include="inc\Bitmap.h">
      <Filter>inc</Filter>
    </ClInclude>
    <ClInclude Include="inc\Common.h">
      <Filter>inc</Filter>
    </ClInclude>
    <ClInclude Include="inc\ConstantRateDriver.h">
      <Filter>inc</Filter>
    </ClInclude>
    <ClInclude Include="inc\OutputBitmap.h">
      <Filter>inc</Filter>
    </ClInclude>
    <ClInclude Include="inc\Panel.h">
      <Filter>inc</Filter>
    </ClInclude>
    <ClInclude Include="inc\Pixel.h">
      <Filter>inc</Filter>
    </ClInclude>
    <ClInclude Include="inc\Timer.h">
      <Filter>inc</Filter>
    </ClInclude>
    <ClInclude Include="interfaces\IDrivable.h">
      <Filter>interfaces</Filter>
    </ClInclude>
    <ClInclude Include="interfaces\IIntensityObject.h">
      <Filter>interfaces</Filter>
    </ClInclude>
    <ClInclude Include="inc\IntensityObject.h">
      <Filter>inc</Filter>
    </ClInclude>
    <ClInclude Include="inc\TimelineObject.h">
      <Filter>inc</Filter>
    </ClInclude>
    <ClInclude Include="interfaces\Fadables\IFadable.h">
      <Filter>interfaces\Fadables</Filter>
    </ClInclude>
    <ClInclude Include="interfaces\Fadables\IFader.h">
      <Filter>interfaces\Fadables</Filter>
    </ClInclude>
    <ClInclude Include="interfaces\Drawables\IDrawable.h">
      <Filter>interfaces\Drawables</Filter>
    </ClInclude>
    <ClInclude Include="inc\Drawables\Drawable.h">
      <Filter>inc\Drawables</Filter>
    </ClInclude>
    <ClInclude Include="inc\Drawables\SolidDrawable.h">
      <Filter>inc\Drawables</Filter>
    </ClInclude>
    <ClInclude Include="inc\Fadables\Fader.h">
      <Filter>inc\Fadables</Filter>
    </ClInclude>
    <ClInclude Include="inc\ITimelineObject.h">
      <Filter>interfaces</Filter>
    </ClInclude>
    <ClInclude Include="interfaces\Colorables\IColorable.h">
      <Filter>interfaces\Colorables</Filter>
    </ClInclude>
    <ClInclude Include="interfaces\Colorables\IColorer.h">
      <Filter>interfaces\Colorables</Filter>
    </ClInclude>
    <ClInclude Include="inc\Colorables\Colorer.h">
      <Filter>inc\Colorables</Filter>
    </ClInclude>
    <ClInclude Include="inc\Colorables\RainbowColorer.h">
      <Filter>inc\Colorables</Filter>
    </ClInclude>
    <ClInclude Include="inc\Drawables\SwipeDrawable.h">
      <Filter>inc\Drawables</Filter>
    </ClInclude>
    <ClInclude Include="inc\SharedFromThisHelper.h">
      <Filter>inc</Filter>
    </ClInclude>
    <ClInclude Include="inc\Drawables\ExpandingDrawable.h">
      <Filter>inc\Drawables</Filter>
    </ClInclude>
  </ItemGroup>
  <ItemGroup>
    <ClCompile Include="src\Timer.cpp">
      <Filter>src</Filter>
    </ClCompile>
    <ClCompile Include="src\Panel.cpp">
      <Filter>src</Filter>
    </ClCompile>
    <ClCompile Include="src\OutputBitmap.cpp">
      <Filter>src</Filter>
    </ClCompile>
    <ClCompile Include="src\Bitmap.cpp">
      <Filter>src</Filter>
    </ClCompile>
    <ClCompile Include="src\ConstantRateDriver.cpp">
      <Filter>src</Filter>
    </ClCompile>
    <ClCompile Include="src\Fadables\Fader.cpp">
      <Filter>src\Fadables</Filter>
    </ClCompile>
    <ClCompile Include="src\TimelineObject.cpp">
      <Filter>src</Filter>
    </ClCompile>
    <ClCompile Include="src\Colorables\Colorer.cpp">
      <Filter>src\Colorables</Filter>
    </ClCompile>
    <ClCompile Include="src\Colorables\RainbowColorer.cpp">
      <Filter>src\Colorables</Filter>
    </ClCompile>
    <ClCompile Include="src\Drawables\SwipeDrawable.cpp">
      <Filter>src\Drawables</Filter>
    </ClCompile>
    <ClCompile Include="src\Drawables\Drawable.cpp">
      <Filter>src\Drawables</Filter>
    </ClCompile>
    <ClCompile Include="src\Drawables\SolidDrawable.cpp">
      <Filter>src\Drawables</Filter>
    </ClCompile>
    <ClCompile Include="src\Drawables\ExpandingDrawable.cpp">
      <Filter>src\Drawables</Filter>
    </ClCompile>
  </ItemGroup>
</Project>