<?xml version="1.0" encoding="utf-8"?>
<Project ToolsVersion="4.0" xmlns="http://schemas.microsoft.com/developer/msbuild/2003">
  <ItemGroup>
    <Filter Include="src">
      <UniqueIdentifier>{efbd5cea-fce1-4a86-b2cc-0952daf5e5e5}</UniqueIdentifier>
    </Filter>
    <Filter Include="src\Layers">
      <UniqueIdentifier>{b68838ea-4388-4d0a-b48f-8b6534ce67f2}</UniqueIdentifier>
    </Filter>
    <Filter Include="inc">
      <UniqueIdentifier>{25c33c71-b59e-4ac8-98cb-a4110cafdbe8}</UniqueIdentifier>
    </Filter>
    <Filter Include="inc\Layers">
      <UniqueIdentifier>{2366f81b-d669-4bdf-a7e8-141e544cc83c}</UniqueIdentifier>
    </Filter>
    <Filter Include="inc\Layers\Drawable">
      <UniqueIdentifier>{128e88b1-3059-43e9-8dd2-41178b8dd498}</UniqueIdentifier>
    </Filter>
    <Filter Include="src\Layers\Drawable">
      <UniqueIdentifier>{06fcbfce-52f1-4d7e-8c0e-1360371b96db}</UniqueIdentifier>
    </Filter>
    <Filter Include="inc\Layers\Drawable\Color">
      <UniqueIdentifier>{4b0169d7-ad87-4f0e-863c-9120e3d2a780}</UniqueIdentifier>
    </Filter>
    <Filter Include="inc\Layers\Drawable\Draw">
      <UniqueIdentifier>{c09aef19-683e-493a-a362-4e1407986c5c}</UniqueIdentifier>
    </Filter>
    <Filter Include="src\Layers\Drawable\Color">
      <UniqueIdentifier>{693ec167-ace9-44b2-8959-23833d7371a4}</UniqueIdentifier>
    </Filter>
    <Filter Include="src\Layers\Drawable\Draw">
      <UniqueIdentifier>{2d089aa7-3a9c-412e-b7db-3150c5d6df8b}</UniqueIdentifier>
    </Filter>
    <Filter Include="inc\Layers\Drawable\Intensity">
      <UniqueIdentifier>{80b4886c-0fd9-44b4-bcbf-71f9b3edce8d}</UniqueIdentifier>
    </Filter>
    <Filter Include="src\Layers\Drawable\Intensity">
      <UniqueIdentifier>{985bffbe-0f71-49a7-ab9e-05364bed1aa9}</UniqueIdentifier>
    </Filter>
  </ItemGroup>
  <ItemGroup>
    <ClInclude Include="inc\Bitmap.h">
      <Filter>inc</Filter>
    </ClInclude>
    <ClInclude Include="inc\Common.h">
      <Filter>inc</Filter>
    </ClInclude>
    <ClInclude Include="inc\ConstantRateDriver.h">
      <Filter>inc</Filter>
    </ClInclude>
    <ClInclude Include="inc\IDrivable.h">
      <Filter>inc</Filter>
    </ClInclude>
    <ClInclude Include="inc\ILayer.h">
      <Filter>inc</Filter>
    </ClInclude>
    <ClInclude Include="inc\OutputBitmap.h">
      <Filter>inc</Filter>
    </ClInclude>
    <ClInclude Include="inc\Panel.h">
      <Filter>inc</Filter>
    </ClInclude>
    <ClInclude Include="inc\Pixel.h">
      <Filter>inc</Filter>
    </ClInclude>
    <ClInclude Include="inc\Timer.h">
      <Filter>inc</Filter>
    </ClInclude>
    <ClInclude Include="inc\Layers\SolidColorLayer.h">
      <Filter>inc\Layers</Filter>
    </ClInclude>
    <ClInclude Include="inc\Layers\Drawable\DrawableLayer.h">
      <Filter>inc\Layers\Drawable</Filter>
    </ClInclude>
    <ClInclude Include="inc\Layers\Drawable\IColorable.h">
      <Filter>inc\Layers\Drawable</Filter>
    </ClInclude>
    <ClInclude Include="inc\Layers\Drawable\IDrawable.h">
      <Filter>inc\Layers\Drawable</Filter>
    </ClInclude>
    <ClInclude Include="inc\Layers\Drawable\SimpleDrawableBase.h">
      <Filter>inc\Layers\Drawable</Filter>
    </ClInclude>
    <ClInclude Include="inc\Layers\Drawable\SimpleColorableBase.h">
      <Filter>inc\Layers\Drawable</Filter>
    </ClInclude>
    <ClInclude Include="inc\Layers\Drawable\Color\ConstantColorable.h">
      <Filter>inc\Layers\Drawable\Color</Filter>
    </ClInclude>
    <ClInclude Include="inc\Layers\Drawable\Draw\DrawablePixel.h">
      <Filter>inc\Layers\Drawable\Draw</Filter>
    </ClInclude>
    <ClInclude Include="inc\Layers\Drawable\TimelineObject.h">
      <Filter>inc\Layers\Drawable</Filter>
    </ClInclude>
    <ClInclude Include="inc\Layers\Drawable\Intensity\ConstantIntensity.h">
      <Filter>inc\Layers\Drawable\Intensity</Filter>
    </ClInclude>
    <ClInclude Include="inc\Layers\Drawable\Intensity\SimpleIntensityFade.h">
      <Filter>inc\Layers\Drawable\Intensity</Filter>
    </ClInclude>
    <ClInclude Include="inc\Layers\Drawable\IIntensitable.h">
      <Filter>inc\Layers\Drawable</Filter>
    </ClInclude>
    <ClInclude Include="inc\Layers\Drawable\SimpleIntensitableBase.h">
      <Filter>inc\Layers\Drawable</Filter>
    </ClInclude>
  </ItemGroup>
  <ItemGroup>
    <ClCompile Include="src\Timer.cpp">
      <Filter>src</Filter>
    </ClCompile>
    <ClCompile Include="src\Panel.cpp">
      <Filter>src</Filter>
    </ClCompile>
    <ClCompile Include="src\OutputBitmap.cpp">
      <Filter>src</Filter>
    </ClCompile>
    <ClCompile Include="src\Bitmap.cpp">
      <Filter>src</Filter>
    </ClCompile>
    <ClCompile Include="src\ConstantRateDriver.cpp">
      <Filter>src</Filter>
    </ClCompile>
    <ClCompile Include="src\Layers\Drawable\DrawableLayer.cpp">
      <Filter>src\Layers\Drawable</Filter>
    </ClCompile>
    <ClCompile Include="src\Layers\Drawable\SimpleDrawableBase.cpp">
      <Filter>src\Layers\Drawable</Filter>
    </ClCompile>
    <ClCompile Include="src\Layers\Drawable\SimpleColorableBase.cpp">
      <Filter>src\Layers\Drawable</Filter>
    </ClCompile>
  </ItemGroup>
</Project>